
Microsoft Visual Studio Solution File, Format Version 12.00
# Visual Studio Version 17
VisualStudioVersion = 17.8.34316.72
MinimumVisualStudioVersion = 10.0.40219.1
Project("{FAE04EC0-301F-11D3-BF4B-00C04F79EFBC}") = "personCSVfile", "personCSVfile.csproj", "{4A0A372A-F355-4D83-A8BA-88B26330637E}"
EndProject
Global
	GlobalSection(SolutionConfigurationPlatforms) = preSolution
		Debug|Any CPU = Debug|Any CPU
		Release|Any CPU = Release|Any CPU
	EndGlobalSection
	GlobalSection(ProjectConfigurationPlatforms) = postSolution
		{4A0A372A-F355-4D83-A8BA-88B26330637E}.Debug|Any CPU.ActiveCfg = Debug|Any CPU
		{4A0A372A-F355-4D83-A8BA-88B26330637E}.Debug|Any CPU.Build.0 = Debug|Any CPU
		{4A0A372A-F355-4D83-A8BA-88B26330637E}.Release|Any CPU.ActiveCfg = Release|Any CPU
		{4A0A372A-F355-4D83-A8BA-88B26330637E}.Release|Any CPU.Build.0 = Release|Any CPU
	EndGlobalSection
	GlobalSection(SolutionProperties) = preSolution
		HideSolutionNode = FALSE
	EndGlobalSection
	GlobalSection(ExtensibilityGlobals) = postSolution
		SolutionGuid = {9494E814-FD53-4AED-8EEA-66F72F1CCB32}
	EndGlobalSection
EndGlobal
